
Microsoft Visual Studio Solution File, Format Version 12.00
# Visual Studio Version 17
VisualStudioVersion = 17.0.31919.166
MinimumVisualStudioVersion = 10.0.40219.1
Project("{9A19103F-16F7-4668-BE54-9A1E7A4F7556}") = "Accountant.Data.Entities", "Accountant.Data.Entities\Accountant.Data.Entities.csproj", "{42061DFB-9D44-4D6B-8141-A35B47857D45}"
EndProject
Project("{2150E333-8FDC-42A3-9474-1A3956D46DE8}") = "Data", "Data", "{25FC6805-3189-45FE-864D-E860A7FA98C4}"
EndProject
Project("{9A19103F-16F7-4668-BE54-9A1E7A4F7556}") = "Accountant.Data", "Accountant.Data\Accountant.Data.csproj", "{149B01EC-0DF3-45FB-9B82-070D7853AA42}"
EndProject
Project("{9A19103F-16F7-4668-BE54-9A1E7A4F7556}") = "Accountant.Data.SqlServer", "Accountant.Data.SqlServer\Accountant.Data.SqlServer.csproj", "{7AA44AB3-6D37-4308-9B00-54E3C9098C2F}"
EndProject
Project("{9A19103F-16F7-4668-BE54-9A1E7A4F7556}") = "Accountant.SolutionBuilder", "Accountant.SolutionBuilder\Accountant.SolutionBuilder.csproj", "{87EAB8F2-4A2F-4648-8FCE-E896AC22AC80}"
EndProject
Project("{9A19103F-16F7-4668-BE54-9A1E7A4F7556}") = "Accountant.Data.SqlServer.Migrations", "Accountant.Data.SqlServer.Migrations\Accountant.Data.SqlServer.Migrations.csproj", "{121CDD34-BF4C-4E21-83E8-BFAC20142BD7}"
EndProject
Project("{2150E333-8FDC-42A3-9474-1A3956D46DE8}") = "Core", "Core", "{171356F2-E954-4418-9E94-FB3843758023}"
EndProject
Project("{2150E333-8FDC-42A3-9474-1A3956D46DE8}") = "API", "API", "{C0C8590E-C773-463E-974B-77773F28ADF5}"
EndProject
Global
	GlobalSection(SolutionConfigurationPlatforms) = preSolution
		Debug|Any CPU = Debug|Any CPU
		Release|Any CPU = Release|Any CPU
	EndGlobalSection
	GlobalSection(ProjectConfigurationPlatforms) = postSolution
		{42061DFB-9D44-4D6B-8141-A35B47857D45}.Debug|Any CPU.ActiveCfg = Debug|Any CPU
		{42061DFB-9D44-4D6B-8141-A35B47857D45}.Debug|Any CPU.Build.0 = Debug|Any CPU
		{42061DFB-9D44-4D6B-8141-A35B47857D45}.Release|Any CPU.ActiveCfg = Release|Any CPU
		{42061DFB-9D44-4D6B-8141-A35B47857D45}.Release|Any CPU.Build.0 = Release|Any CPU
		{149B01EC-0DF3-45FB-9B82-070D7853AA42}.Debug|Any CPU.ActiveCfg = Debug|Any CPU
		{149B01EC-0DF3-45FB-9B82-070D7853AA42}.Debug|Any CPU.Build.0 = Debug|Any CPU
		{149B01EC-0DF3-45FB-9B82-070D7853AA42}.Release|Any CPU.ActiveCfg = Release|Any CPU
		{149B01EC-0DF3-45FB-9B82-070D7853AA42}.Release|Any CPU.Build.0 = Release|Any CPU
		{7AA44AB3-6D37-4308-9B00-54E3C9098C2F}.Debug|Any CPU.ActiveCfg = Debug|Any CPU
		{7AA44AB3-6D37-4308-9B00-54E3C9098C2F}.Debug|Any CPU.Build.0 = Debug|Any CPU
		{7AA44AB3-6D37-4308-9B00-54E3C9098C2F}.Release|Any CPU.ActiveCfg = Release|Any CPU
		{7AA44AB3-6D37-4308-9B00-54E3C9098C2F}.Release|Any CPU.Build.0 = Release|Any CPU
		{87EAB8F2-4A2F-4648-8FCE-E896AC22AC80}.Debug|Any CPU.ActiveCfg = Debug|Any CPU
		{87EAB8F2-4A2F-4648-8FCE-E896AC22AC80}.Debug|Any CPU.Build.0 = Debug|Any CPU
		{87EAB8F2-4A2F-4648-8FCE-E896AC22AC80}.Release|Any CPU.ActiveCfg = Release|Any CPU
		{87EAB8F2-4A2F-4648-8FCE-E896AC22AC80}.Release|Any CPU.Build.0 = Release|Any CPU
		{121CDD34-BF4C-4E21-83E8-BFAC20142BD7}.Debug|Any CPU.ActiveCfg = Debug|Any CPU
		{121CDD34-BF4C-4E21-83E8-BFAC20142BD7}.Debug|Any CPU.Build.0 = Debug|Any CPU
		{121CDD34-BF4C-4E21-83E8-BFAC20142BD7}.Release|Any CPU.ActiveCfg = Release|Any CPU
	EndGlobalSection
	GlobalSection(SolutionProperties) = preSolution
		HideSolutionNode = FALSE
	EndGlobalSection
	GlobalSection(NestedProjects) = preSolution
		{42061DFB-9D44-4D6B-8141-A35B47857D45} = {25FC6805-3189-45FE-864D-E860A7FA98C4}
		{149B01EC-0DF3-45FB-9B82-070D7853AA42} = {25FC6805-3189-45FE-864D-E860A7FA98C4}
		{7AA44AB3-6D37-4308-9B00-54E3C9098C2F} = {25FC6805-3189-45FE-864D-E860A7FA98C4}
		{121CDD34-BF4C-4E21-83E8-BFAC20142BD7} = {25FC6805-3189-45FE-864D-E860A7FA98C4}
	EndGlobalSection
	GlobalSection(ExtensibilityGlobals) = postSolution
		SolutionGuid = {6E2581A6-7D64-49F7-97E1-6143710D479D}
	EndGlobalSection
EndGlobal
