
Microsoft Visual Studio Solution File, Format Version 12.00
# Visual Studio Version 17
VisualStudioVersion = 17.0.31919.166
MinimumVisualStudioVersion = 10.0.40219.1
Project("{9A19103F-16F7-4668-BE54-9A1E7A4F7556}") = "Accountant.Data.Entities", "Accountant.Data.Entities\Accountant.Data.Entities.csproj", "{42061DFB-9D44-4D6B-8141-A35B47857D45}"
EndProject
Project("{2150E333-8FDC-42A3-9474-1A3956D46DE8}") = "Data", "Data", "{25FC6805-3189-45FE-864D-E860A7FA98C4}"
EndProject
Project("{9A19103F-16F7-4668-BE54-9A1E7A4F7556}") = "Accountant.Data", "Accountant.Data\Accountant.Data.csproj", "{149B01EC-0DF3-45FB-9B82-070D7853AA42}"
EndProject
Project("{9A19103F-16F7-4668-BE54-9A1E7A4F7556}") = "Accountant.Data.SqlServer", "Accountant.Data.SqlServer\Accountant.Data.SqlServer.csproj", "{7AA44AB3-6D37-4308-9B00-54E3C9098C2F}"
EndProject
Project("{9A19103F-16F7-4668-BE54-9A1E7A4F7556}") = "Accountant.SolutionBuilder", "Accountant.SolutionBuilder\Accountant.SolutionBuilder.csproj", "{87EAB8F2-4A2F-4648-8FCE-E896AC22AC80}"
EndProject
Project("{9A19103F-16F7-4668-BE54-9A1E7A4F7556}") = "Accountant.Data.SqlServer.Migrations", "Accountant.Data.SqlServer.Migrations\Accountant.Data.SqlServer.Migrations.csproj", "{121CDD34-BF4C-4E21-83E8-BFAC20142BD7}"
EndProject
Project("{2150E333-8FDC-42A3-9474-1A3956D46DE8}") = "Core", "Core", "{171356F2-E954-4418-9E94-FB3843758023}"
EndProject
Project("{2150E333-8FDC-42A3-9474-1A3956D46DE8}") = "API", "API", "{C0C8590E-C773-463E-974B-77773F28ADF5}"
EndProject
Project("{9A19103F-16F7-4668-BE54-9A1E7A4F7556}") = "Accountant.Core", "Accountant.Core\Accountant.Core.csproj", "{47284429-BA7A-4DAA-8D10-EB4B7282C756}"
EndProject
Project("{9A19103F-16F7-4668-BE54-9A1E7A4F7556}") = "Accountant.Core.UnitTests", "Accountant.Core.UnitTests\Accountant.Core.UnitTests.csproj", "{6D3FB225-5250-4AD9-A461-E3F1704E0FB2}"
EndProject
Project("{9A19103F-16F7-4668-BE54-9A1E7A4F7556}") = "Accountant.Core.Objects", "Accountant.Core.Objects\Accountant.Core.Objects.csproj", "{3CA87499-1A6B-4641-82DB-B760F6A43327}"
EndProject
Project("{9A19103F-16F7-4668-BE54-9A1E7A4F7556}") = "Accountant.API.Models", "Accountant.API.Models\Accountant.API.Models.csproj", "{CF40D4D4-13FF-4B0B-8834-78EC8A5E07CF}"
EndProject
Project("{9A19103F-16F7-4668-BE54-9A1E7A4F7556}") = "Accountant.API", "Accountant.API\Accountant.API.csproj", "{473EB856-7846-4265-B55D-49D328639D75}"
EndProject
Project("{9A19103F-16F7-4668-BE54-9A1E7A4F7556}") = "Accountant.API.WebAPI", "Accountant.API.WebAPI\Accountant.API.WebAPI.csproj", "{A14F6DC1-F116-4B4D-815A-58C6BF59DE79}"
EndProject
Project("{9A19103F-16F7-4668-BE54-9A1E7A4F7556}") = "Accountant.API.UnitTests", "Accountant.API.UnitTests\Accountant.API.UnitTests.csproj", "{4F3663BA-9750-4F34-9850-59B9A2E03ABE}"
EndProject
Project("{FAE04EC0-301F-11D3-BF4B-00C04F79EFBC}") = "Accountant.API.WebAPI.UnitTests", "Accountant.API.WebAPI.UnitTests\Accountant.API.WebAPI.UnitTests.csproj", "{DF0FC8F5-DE4F-4FC8-AF98-6F044FB54A27}"
EndProject
Global
	GlobalSection(SolutionConfigurationPlatforms) = preSolution
		Debug|Any CPU = Debug|Any CPU
		Release|Any CPU = Release|Any CPU
	EndGlobalSection
	GlobalSection(ProjectConfigurationPlatforms) = postSolution
		{42061DFB-9D44-4D6B-8141-A35B47857D45}.Debug|Any CPU.ActiveCfg = Debug|Any CPU
		{42061DFB-9D44-4D6B-8141-A35B47857D45}.Debug|Any CPU.Build.0 = Debug|Any CPU
		{42061DFB-9D44-4D6B-8141-A35B47857D45}.Release|Any CPU.ActiveCfg = Release|Any CPU
		{42061DFB-9D44-4D6B-8141-A35B47857D45}.Release|Any CPU.Build.0 = Release|Any CPU
		{149B01EC-0DF3-45FB-9B82-070D7853AA42}.Debug|Any CPU.ActiveCfg = Debug|Any CPU
		{149B01EC-0DF3-45FB-9B82-070D7853AA42}.Debug|Any CPU.Build.0 = Debug|Any CPU
		{149B01EC-0DF3-45FB-9B82-070D7853AA42}.Release|Any CPU.ActiveCfg = Release|Any CPU
		{149B01EC-0DF3-45FB-9B82-070D7853AA42}.Release|Any CPU.Build.0 = Release|Any CPU
		{7AA44AB3-6D37-4308-9B00-54E3C9098C2F}.Debug|Any CPU.ActiveCfg = Debug|Any CPU
		{7AA44AB3-6D37-4308-9B00-54E3C9098C2F}.Debug|Any CPU.Build.0 = Debug|Any CPU
		{7AA44AB3-6D37-4308-9B00-54E3C9098C2F}.Release|Any CPU.ActiveCfg = Release|Any CPU
		{7AA44AB3-6D37-4308-9B00-54E3C9098C2F}.Release|Any CPU.Build.0 = Release|Any CPU
		{87EAB8F2-4A2F-4648-8FCE-E896AC22AC80}.Debug|Any CPU.ActiveCfg = Debug|Any CPU
		{87EAB8F2-4A2F-4648-8FCE-E896AC22AC80}.Debug|Any CPU.Build.0 = Debug|Any CPU
		{87EAB8F2-4A2F-4648-8FCE-E896AC22AC80}.Release|Any CPU.ActiveCfg = Release|Any CPU
		{87EAB8F2-4A2F-4648-8FCE-E896AC22AC80}.Release|Any CPU.Build.0 = Release|Any CPU
		{121CDD34-BF4C-4E21-83E8-BFAC20142BD7}.Debug|Any CPU.ActiveCfg = Debug|Any CPU
		{121CDD34-BF4C-4E21-83E8-BFAC20142BD7}.Debug|Any CPU.Build.0 = Debug|Any CPU
		{121CDD34-BF4C-4E21-83E8-BFAC20142BD7}.Release|Any CPU.ActiveCfg = Release|Any CPU
		{47284429-BA7A-4DAA-8D10-EB4B7282C756}.Debug|Any CPU.ActiveCfg = Debug|Any CPU
		{47284429-BA7A-4DAA-8D10-EB4B7282C756}.Debug|Any CPU.Build.0 = Debug|Any CPU
		{47284429-BA7A-4DAA-8D10-EB4B7282C756}.Release|Any CPU.ActiveCfg = Release|Any CPU
		{47284429-BA7A-4DAA-8D10-EB4B7282C756}.Release|Any CPU.Build.0 = Release|Any CPU
		{6D3FB225-5250-4AD9-A461-E3F1704E0FB2}.Debug|Any CPU.ActiveCfg = Debug|Any CPU
		{6D3FB225-5250-4AD9-A461-E3F1704E0FB2}.Debug|Any CPU.Build.0 = Debug|Any CPU
		{6D3FB225-5250-4AD9-A461-E3F1704E0FB2}.Release|Any CPU.ActiveCfg = Release|Any CPU
		{6D3FB225-5250-4AD9-A461-E3F1704E0FB2}.Release|Any CPU.Build.0 = Release|Any CPU
		{3CA87499-1A6B-4641-82DB-B760F6A43327}.Debug|Any CPU.ActiveCfg = Debug|Any CPU
		{3CA87499-1A6B-4641-82DB-B760F6A43327}.Debug|Any CPU.Build.0 = Debug|Any CPU
		{3CA87499-1A6B-4641-82DB-B760F6A43327}.Release|Any CPU.ActiveCfg = Release|Any CPU
		{3CA87499-1A6B-4641-82DB-B760F6A43327}.Release|Any CPU.Build.0 = Release|Any CPU
		{CF40D4D4-13FF-4B0B-8834-78EC8A5E07CF}.Debug|Any CPU.ActiveCfg = Debug|Any CPU
		{CF40D4D4-13FF-4B0B-8834-78EC8A5E07CF}.Debug|Any CPU.Build.0 = Debug|Any CPU
		{CF40D4D4-13FF-4B0B-8834-78EC8A5E07CF}.Release|Any CPU.ActiveCfg = Release|Any CPU
		{CF40D4D4-13FF-4B0B-8834-78EC8A5E07CF}.Release|Any CPU.Build.0 = Release|Any CPU
		{473EB856-7846-4265-B55D-49D328639D75}.Debug|Any CPU.ActiveCfg = Debug|Any CPU
		{473EB856-7846-4265-B55D-49D328639D75}.Debug|Any CPU.Build.0 = Debug|Any CPU
		{473EB856-7846-4265-B55D-49D328639D75}.Release|Any CPU.ActiveCfg = Release|Any CPU
		{473EB856-7846-4265-B55D-49D328639D75}.Release|Any CPU.Build.0 = Release|Any CPU
		{A14F6DC1-F116-4B4D-815A-58C6BF59DE79}.Debug|Any CPU.ActiveCfg = Debug|Any CPU
		{A14F6DC1-F116-4B4D-815A-58C6BF59DE79}.Debug|Any CPU.Build.0 = Debug|Any CPU
		{A14F6DC1-F116-4B4D-815A-58C6BF59DE79}.Release|Any CPU.ActiveCfg = Release|Any CPU
		{A14F6DC1-F116-4B4D-815A-58C6BF59DE79}.Release|Any CPU.Build.0 = Release|Any CPU
		{4F3663BA-9750-4F34-9850-59B9A2E03ABE}.Debug|Any CPU.ActiveCfg = Debug|Any CPU
		{4F3663BA-9750-4F34-9850-59B9A2E03ABE}.Debug|Any CPU.Build.0 = Debug|Any CPU
		{4F3663BA-9750-4F34-9850-59B9A2E03ABE}.Release|Any CPU.ActiveCfg = Release|Any CPU
		{4F3663BA-9750-4F34-9850-59B9A2E03ABE}.Release|Any CPU.Build.0 = Release|Any CPU
		{DF0FC8F5-DE4F-4FC8-AF98-6F044FB54A27}.Debug|Any CPU.ActiveCfg = Debug|Any CPU
		{DF0FC8F5-DE4F-4FC8-AF98-6F044FB54A27}.Debug|Any CPU.Build.0 = Debug|Any CPU
		{DF0FC8F5-DE4F-4FC8-AF98-6F044FB54A27}.Release|Any CPU.ActiveCfg = Release|Any CPU
		{DF0FC8F5-DE4F-4FC8-AF98-6F044FB54A27}.Release|Any CPU.Build.0 = Release|Any CPU
	EndGlobalSection
	GlobalSection(SolutionProperties) = preSolution
		HideSolutionNode = FALSE
	EndGlobalSection
	GlobalSection(NestedProjects) = preSolution
		{42061DFB-9D44-4D6B-8141-A35B47857D45} = {25FC6805-3189-45FE-864D-E860A7FA98C4}
		{149B01EC-0DF3-45FB-9B82-070D7853AA42} = {25FC6805-3189-45FE-864D-E860A7FA98C4}
		{7AA44AB3-6D37-4308-9B00-54E3C9098C2F} = {25FC6805-3189-45FE-864D-E860A7FA98C4}
		{121CDD34-BF4C-4E21-83E8-BFAC20142BD7} = {25FC6805-3189-45FE-864D-E860A7FA98C4}
		{47284429-BA7A-4DAA-8D10-EB4B7282C756} = {171356F2-E954-4418-9E94-FB3843758023}
		{6D3FB225-5250-4AD9-A461-E3F1704E0FB2} = {171356F2-E954-4418-9E94-FB3843758023}
		{3CA87499-1A6B-4641-82DB-B760F6A43327} = {171356F2-E954-4418-9E94-FB3843758023}
		{CF40D4D4-13FF-4B0B-8834-78EC8A5E07CF} = {C0C8590E-C773-463E-974B-77773F28ADF5}
		{473EB856-7846-4265-B55D-49D328639D75} = {C0C8590E-C773-463E-974B-77773F28ADF5}
		{A14F6DC1-F116-4B4D-815A-58C6BF59DE79} = {C0C8590E-C773-463E-974B-77773F28ADF5}
		{4F3663BA-9750-4F34-9850-59B9A2E03ABE} = {C0C8590E-C773-463E-974B-77773F28ADF5}
		{DF0FC8F5-DE4F-4FC8-AF98-6F044FB54A27} = {C0C8590E-C773-463E-974B-77773F28ADF5}
	EndGlobalSection
	GlobalSection(ExtensibilityGlobals) = postSolution
		SolutionGuid = {6E2581A6-7D64-49F7-97E1-6143710D479D}
	EndGlobalSection
EndGlobal
